
Microsoft Visual Studio Solution File, Format Version 12.00
# Visual Studio 15
VisualStudioVersion = 15.0.28307.852
MinimumVisualStudioVersion = 10.0.40219.1
Project("{FAE04EC0-301F-11D3-BF4B-00C04F79EFBC}") = "WpfApp", "WpfApp.csproj", "{1B879A61-D022-4E95-ABA6-6606862A6AE1}"
EndProject
Global
	GlobalSection(SolutionConfigurationPlatforms) = preSolution
		Debug|Any CPU = Debug|Any CPU
		Release|Any CPU = Release|Any CPU
	EndGlobalSection
	GlobalSection(ProjectConfigurationPlatforms) = postSolution
		{1B879A61-D022-4E95-ABA6-6606862A6AE1}.Debug|Any CPU.ActiveCfg = Debug|Any CPU
		{1B879A61-D022-4E95-ABA6-6606862A6AE1}.Debug|Any CPU.Build.0 = Debug|Any CPU
		{1B879A61-D022-4E95-ABA6-6606862A6AE1}.Release|Any CPU.ActiveCfg = Release|Any CPU
		{1B879A61-D022-4E95-ABA6-6606862A6AE1}.Release|Any CPU.Build.0 = Release|Any CPU
	EndGlobalSection
	GlobalSection(SolutionProperties) = preSolution
		HideSolutionNode = FALSE
	EndGlobalSection
	GlobalSection(ExtensibilityGlobals) = postSolution
		SolutionGuid = {9F570339-AE76-481B-BBEE-86BE65BA6C2C}
	EndGlobalSection
EndGlobal
